
Microsoft Visual Studio Solution File, Format Version 12.00
# Visual Studio Version 16
VisualStudioVersion = 16.0.30114.105
MinimumVisualStudioVersion = 10.0.40219.1
Project("{FAE04EC0-301F-11D3-BF4B-00C04F79EFBC}") = "CoffeeApi", "CoffeeApi\CoffeeApi.csproj", "{FD72BC25-8D68-477E-8325-A281B714A119}"
EndProject
Project("{FAE04EC0-301F-11D3-BF4B-00C04F79EFBC}") = "TeaApi", "TeaApi\TeaApi.csproj", "{ACB9E3E4-A2D5-4BCE-B555-A8999337DE15}"
EndProject
Global
	GlobalSection(SolutionConfigurationPlatforms) = preSolution
		Debug|Any CPU = Debug|Any CPU
		Release|Any CPU = Release|Any CPU
	EndGlobalSection
	GlobalSection(SolutionProperties) = preSolution
		HideSolutionNode = FALSE
	EndGlobalSection
	GlobalSection(ProjectConfigurationPlatforms) = postSolution
		{FD72BC25-8D68-477E-8325-A281B714A119}.Debug|Any CPU.ActiveCfg = Debug|Any CPU
		{FD72BC25-8D68-477E-8325-A281B714A119}.Debug|Any CPU.Build.0 = Debug|Any CPU
		{FD72BC25-8D68-477E-8325-A281B714A119}.Release|Any CPU.ActiveCfg = Release|Any CPU
		{FD72BC25-8D68-477E-8325-A281B714A119}.Release|Any CPU.Build.0 = Release|Any CPU
		{ACB9E3E4-A2D5-4BCE-B555-A8999337DE15}.Debug|Any CPU.ActiveCfg = Debug|Any CPU
		{ACB9E3E4-A2D5-4BCE-B555-A8999337DE15}.Debug|Any CPU.Build.0 = Debug|Any CPU
		{ACB9E3E4-A2D5-4BCE-B555-A8999337DE15}.Release|Any CPU.ActiveCfg = Release|Any CPU
		{ACB9E3E4-A2D5-4BCE-B555-A8999337DE15}.Release|Any CPU.Build.0 = Release|Any CPU
	EndGlobalSection
EndGlobal
